
Microsoft Visual Studio Solution File, Format Version 12.00
# Visual Studio Version 16
VisualStudioVersion = 16.0.36324.18
MinimumVisualStudioVersion = 10.0.40219.1
Project("{FAE04EC0-301F-11D3-BF4B-00C04F79EFBC}") = "DataDictionaryApp", "DataDictionaryApp\DataDictionaryApp.csproj", "{F5C813D0-1E30-42DE-BFFA-00DFE1104A16}"
EndProject
Global
	GlobalSection(SolutionConfigurationPlatforms) = preSolution
		Debug|Any CPU = Debug|Any CPU
		Release|Any CPU = Release|Any CPU
	EndGlobalSection
	GlobalSection(ProjectConfigurationPlatforms) = postSolution
		{F5C813D0-1E30-42DE-BFFA-00DFE1104A16}.Debug|Any CPU.ActiveCfg = Debug|Any CPU
		{F5C813D0-1E30-42DE-BFFA-00DFE1104A16}.Debug|Any CPU.Build.0 = Debug|Any CPU
		{F5C813D0-1E30-42DE-BFFA-00DFE1104A16}.Release|Any CPU.ActiveCfg = Release|Any CPU
		{F5C813D0-1E30-42DE-BFFA-00DFE1104A16}.Release|Any CPU.Build.0 = Release|Any CPU
	EndGlobalSection
	GlobalSection(SolutionProperties) = preSolution
		HideSolutionNode = FALSE
	EndGlobalSection
	GlobalSection(ExtensibilityGlobals) = postSolution
		SolutionGuid = {C284576C-54BE-4000-B6A5-0C5584E535E7}
	EndGlobalSection
EndGlobal
